PODS:
  - Alamofire (5.2.2)
  - Apexy (1.0.0):
    - Alamofire (~> 5.0)
    - Apexy/Core (= 1.0.0)
  - Apexy/Core (1.0.0):
    - Alamofire (~> 5.0)
  - Kingfisher (5.15.1):
    - Kingfisher/Core (= 5.15.1)
  - Kingfisher/Core (5.15.1)
  - youtube-ios-player-helper (1.0.2)

DEPENDENCIES:
  - Apexy
  - Kingfisher
  - youtube-ios-player-helper

SPEC REPOS:
  trunk:
    - Alamofire
    - Apexy
    - Kingfisher
    - youtube-ios-player-helper

SPEC CHECKSUMS:
  Alamofire: 814429acc853c6c54ff123fc3d2ef66803823ce0
  Apexy: 1d9f537c95a33b71c1652631efeca22ae05a40b8
  Kingfisher: 3260a05e78a17fdbeb2f14dd8e66ffc768491231
  youtube-ios-player-helper: 40b96e52c22445f0fdc43731cefa32c67075ff81

PODFILE CHECKSUM: 7b166825abd0351808d14b408e342a537c8c1552

COCOAPODS: 1.9.3
