PODS:
  - Alamofire (5.2.2)
  - Apexy (1.0.0):
    - Alamofire (~> 5.0)
    - Apexy/Core (= 1.0.0)
  - Apexy/Core (1.0.0):
    - Alamofire (~> 5.0)
  - Kingfisher (5.15.1):
    - Kingfisher/Core (= 5.15.1)
  - Kingfisher/Core (5.15.1)

DEPENDENCIES:
  - Apexy
  - Kingfisher

SPEC REPOS:
  trunk:
    - Alamofire
    - Apexy
    - Kingfisher

SPEC CHECKSUMS:
  Alamofire: 814429acc853c6c54ff123fc3d2ef66803823ce0
  Apexy: 1d9f537c95a33b71c1652631efeca22ae05a40b8
  Kingfisher: 3260a05e78a17fdbeb2f14dd8e66ffc768491231

PODFILE CHECKSUM: 284f870b83f7d77b3384676c684b3d6f4969b734

COCOAPODS: 1.9.3
